// !$*UTF8*$!
{
	archiveVersion = 1;
	classes = {
	};
	objectVersion = 56;
	objects = {

/* Begin PBXBuildFile section */
		285920C02BFC4ADC00B41131 /* NetworkDeviceApp.swift in Sources */ = {isa = PBXBuildFile; fileRef = 285920BF2BFC4ADC00B41131 /* NetworkDeviceApp.swift */; };
		285920C22BFC4ADC00B41131 /* ContentView.swift in Sources */ = {isa = PBXBuildFile; fileRef = 285920C12BFC4ADC00B41131 /* ContentView.swift */; };
		285920C42BFC4ADE00B41131 /* Assets.xcassets in Resources */ = {isa = PBXBuildFile; fileRef = 285920C32BFC4ADE00B41131 /* Assets.xcassets */; };
		285920C72BFC4ADE00B41131 /* Preview Assets.xcassets in Resources */ = {isa = PBXBuildFile; fileRef = 285920C62BFC4ADE00B41131 /* Preview Assets.xcassets */; };
		285920D52BFC4C1E00B41131 /* HomeViewModel.swift in Sources */ = {isa = PBXBuildFile; fileRef = 285920D42BFC4C1E00B41131 /* HomeViewModel.swift */; };
		285920D92BFC4CEE00B41131 /* BonjourConnection.swift in Sources */ = {isa = PBXBuildFile; fileRef = 285920D82BFC4CEE00B41131 /* BonjourConnection.swift */; };
		285920DB2BFCCC8100B41131 /* Session.swift in Sources */ = {isa = PBXBuildFile; fileRef = 285920DA2BFCCC8100B41131 /* Session.swift */; };
		285920DD2BFCCC8A00B41131 /* Protocol.swift in Sources */ = {isa = PBXBuildFile; fileRef = 285920DC2BFCCC8A00B41131 /* Protocol.swift */; };
		285920E22BFCD88B00B41131 /* DiscoveryView.swift in Sources */ = {isa = PBXBuildFile; fileRef = 285920E12BFCD88B00B41131 /* DiscoveryView.swift */; };
		285920E42BFCD89F00B41131 /* DiscoveryViewModel.swift in Sources */ = {isa = PBXBuildFile; fileRef = 285920E32BFCD89F00B41131 /* DiscoveryViewModel.swift */; };
/* End PBXBuildFile section */

/* Begin PBXFileReference section */
		285920BC2BFC4ADC00B41131 /* NetworkDevice.app */ = {isa = PBXFileReference; explicitFileType = wrapper.application; includeInIndex = 0; path = NetworkDevice.app; sourceTree = BUILT_PRODUCTS_DIR; };
		285920BF2BFC4ADC00B41131 /* NetworkDeviceApp.swift */ = {isa = PBXFileReference; lastKnownFileType = sourcecode.swift; path = NetworkDeviceApp.swift; sourceTree = "<group>"; };
		285920C12BFC4ADC00B41131 /* ContentView.swift */ = {isa = PBXFileReference; lastKnownFileType = sourcecode.swift; path = ContentView.swift; sourceTree = "<group>"; };
		285920C32BFC4ADE00B41131 /* Assets.xcassets */ = {isa = PBXFileReference; lastKnownFileType = folder.assetcatalog; path = Assets.xcassets; sourceTree = "<group>"; };
		285920C62BFC4ADE00B41131 /* Preview Assets.xcassets */ = {isa = PBXFileReference; lastKnownFileType = folder.assetcatalog; path = "Preview Assets.xcassets"; sourceTree = "<group>"; };
		285920D42BFC4C1E00B41131 /* HomeViewModel.swift */ = {isa = PBXFileReference; lastKnownFileType = sourcecode.swift; path = HomeViewModel.swift; sourceTree = "<group>"; };
		285920D82BFC4CEE00B41131 /* BonjourConnection.swift */ = {isa = PBXFileReference; lastKnownFileType = sourcecode.swift; path = BonjourConnection.swift; sourceTree = "<group>"; };
		285920DA2BFCCC8100B41131 /* Session.swift */ = {isa = PBXFileReference; lastKnownFileType = sourcecode.swift; path = Session.swift; sourceTree = "<group>"; };
		285920DC2BFCCC8A00B41131 /* Protocol.swift */ = {isa = PBXFileReference; lastKnownFileType = sourcecode.swift; path = Protocol.swift; sourceTree = "<group>"; };
		285920E12BFCD88B00B41131 /* DiscoveryView.swift */ = {isa = PBXFileReference; lastKnownFileType = sourcecode.swift; path = DiscoveryView.swift; sourceTree = "<group>"; };
		285920E32BFCD89F00B41131 /* DiscoveryViewModel.swift */ = {isa = PBXFileReference; lastKnownFileType = sourcecode.swift; path = DiscoveryViewModel.swift; sourceTree = "<group>"; };
/* End PBXFileReference section */

/* Begin PBXFrameworksBuildPhase section */
		285920B92BFC4ADC00B41131 /* Frameworks */ = {
			isa = PBXFrameworksBuildPhase;
			buildActionMask = 2147483647;
			files = (
			);
			runOnlyForDeploymentPostprocessing = 0;
		};
/* End PBXFrameworksBuildPhase section */

/* Begin PBXGroup section */
		285920B32BFC4ADC00B41131 = {
			isa = PBXGroup;
			children = (
				285920BE2BFC4ADC00B41131 /* NetworkDevice */,
				285920BD2BFC4ADC00B41131 /* Products */,
			);
			sourceTree = "<group>";
		};
		285920BD2BFC4ADC00B41131 /* Products */ = {
			isa = PBXGroup;
			children = (
				285920BC2BFC4ADC00B41131 /* NetworkDevice.app */,
			);
			name = Products;
			sourceTree = "<group>";
		};
		285920BE2BFC4ADC00B41131 /* NetworkDevice */ = {
			isa = PBXGroup;
			children = (
				285920CD2BFC4B6100B41131 /* Views */,
				285920CE2BFC4B6800B41131 /* Network */,
				285920D02BFC4B7D00B41131 /* Assets */,
				285920CF2BFC4B7400B41131 /* Sys */,
				285920C52BFC4ADE00B41131 /* Preview Content */,
			);
			path = NetworkDevice;
			sourceTree = "<group>";
		};
		285920C52BFC4ADE00B41131 /* Preview Content */ = {
			isa = PBXGroup;
			children = (
				285920C62BFC4ADE00B41131 /* Preview Assets.xcassets */,
			);
			path = "Preview Content";
			sourceTree = "<group>";
		};
		285920CD2BFC4B6100B41131 /* Views */ = {
			isa = PBXGroup;
			children = (
				285920E52BFCDC4700B41131 /* New Group */,
				285920DE2BFCD85D00B41131 /* Discovery */,
				285920D12BFC4B9D00B41131 /* Home */,
			);
			path = Views;
			sourceTree = "<group>";
		};
		285920CE2BFC4B6800B41131 /* Network */ = {
			isa = PBXGroup;
			children = (
				285920D62BFC4C7600B41131 /* Protocol */,
				285920D72BFC4C7D00B41131 /* Client */,
			);
			path = Network;
			sourceTree = "<group>";
		};
		285920CF2BFC4B7400B41131 /* Sys */ = {
			isa = PBXGroup;
			children = (
				285920BF2BFC4ADC00B41131 /* NetworkDeviceApp.swift */,
			);
			path = Sys;
			sourceTree = "<group>";
		};
		285920D02BFC4B7D00B41131 /* Assets */ = {
			isa = PBXGroup;
			children = (
				285920C32BFC4ADE00B41131 /* Assets.xcassets */,
			);
			path = Assets;
			sourceTree = "<group>";
		};
		285920D12BFC4B9D00B41131 /* Home */ = {
			isa = PBXGroup;
			children = (
				285920D22BFC4BA400B41131 /* View */,
				285920D32BFC4BAA00B41131 /* ViewModel */,
			);
			path = Home;
			sourceTree = "<group>";
		};
		285920D22BFC4BA400B41131 /* View */ = {
			isa = PBXGroup;
			children = (
				285920C12BFC4ADC00B41131 /* ContentView.swift */,
			);
			path = View;
			sourceTree = "<group>";
		};
		285920D32BFC4BAA00B41131 /* ViewModel */ = {
			isa = PBXGroup;
			children = (
				285920D42BFC4C1E00B41131 /* HomeViewModel.swift */,
			);
			path = ViewModel;
			sourceTree = "<group>";
		};
		285920D62BFC4C7600B41131 /* Protocol */ = {
			isa = PBXGroup;
			children = (
				285920D82BFC4CEE00B41131 /* BonjourConnection.swift */,
				285920DA2BFCCC8100B41131 /* Session.swift */,
				285920DC2BFCCC8A00B41131 /* Protocol.swift */,
			);
			path = Protocol;
			sourceTree = "<group>";
		};
		285920D72BFC4C7D00B41131 /* Client */ = {
			isa = PBXGroup;
			children = (
			);
			path = Client;
			sourceTree = "<group>";
		};
		285920DE2BFCD85D00B41131 /* Discovery */ = {
			isa = PBXGroup;
			children = (
				285920E02BFCD87300B41131 /* ViewModel */,
				285920DF2BFCD86C00B41131 /* View */,
			);
			path = Discovery;
			sourceTree = "<group>";
		};
		285920DF2BFCD86C00B41131 /* View */ = {
			isa = PBXGroup;
			children = (
				285920E12BFCD88B00B41131 /* DiscoveryView.swift */,
			);
			path = View;
			sourceTree = "<group>";
		};
		285920E02BFCD87300B41131 /* ViewModel */ = {
			isa = PBXGroup;
			children = (
				285920E32BFCD89F00B41131 /* DiscoveryViewModel.swift */,
			);
			path = ViewModel;
			sourceTree = "<group>";
		};
		285920E52BFCDC4700B41131 /* New Group */ = {
			isa = PBXGroup;
			children = (
			);
			path = "New Group";
			sourceTree = "<group>";
		};
/* End PBXGroup section */

/* Begin PBXNativeTarget section */
		285920BB2BFC4ADC00B41131 /* NetworkDevice */ = {
			isa = PBXNativeTarget;
			buildConfigurationList = 285920CA2BFC4ADE00B41131 /* Build configuration list for PBXNativeTarget "NetworkDevice" */;
			buildPhases = (
				285920B82BFC4ADC00B41131 /* Sources */,
				285920B92BFC4ADC00B41131 /* Frameworks */,
				285920BA2BFC4ADC00B41131 /* Resources */,
			);
			buildRules = (
			);
			dependencies = (
			);
			name = NetworkDevice;
			productName = NetworkDevice;
			productReference = 285920BC2BFC4ADC00B41131 /* NetworkDevice.app */;
			productType = "com.apple.product-type.application";
		};
/* End PBXNativeTarget section */

/* Begin PBXProject section */
		285920B42BFC4ADC00B41131 /* Project object */ = {
			isa = PBXProject;
			attributes = {
				BuildIndependentTargetsInParallel = 1;
				LastSwiftUpdateCheck = 1540;
				LastUpgradeCheck = 1540;
				TargetAttributes = {
					285920BB2BFC4ADC00B41131 = {
						CreatedOnToolsVersion = 15.4;
					};
				};
			};
			buildConfigurationList = 285920B72BFC4ADC00B41131 /* Build configuration list for PBXProject "NetworkDevice" */;
			compatibilityVersion = "Xcode 14.0";
			developmentRegion = en;
			hasScannedForEncodings = 0;
			knownRegions = (
				en,
				Base,
			);
			mainGroup = 285920B32BFC4ADC00B41131;
			productRefGroup = 285920BD2BFC4ADC00B41131 /* Products */;
			projectDirPath = "";
			projectRoot = "";
			targets = (
				285920BB2BFC4ADC00B41131 /* NetworkDevice */,
			);
		};
/* End PBXProject section */

/* Begin PBXResourcesBuildPhase section */
		285920BA2BFC4ADC00B41131 /* Resources */ = {
			isa = PBXResourcesBuildPhase;
			buildActionMask = 2147483647;
			files = (
				285920C72BFC4ADE00B41131 /* Preview Assets.xcassets in Resources */,
				285920C42BFC4ADE00B41131 /* Assets.xcassets in Resources */,
			);
			runOnlyForDeploymentPostprocessing = 0;
		};
/* End PBXResourcesBuildPhase section */

/* Begin PBXSourcesBuildPhase section */
		285920B82BFC4ADC00B41131 /* Sources */ = {
			isa = PBXSourcesBuildPhase;
			buildActionMask = 2147483647;
			files = (
				285920DB2BFCCC8100B41131 /* Session.swift in Sources */,
				285920C22BFC4ADC00B41131 /* ContentView.swift in Sources */,
				285920E22BFCD88B00B41131 /* DiscoveryView.swift in Sources */,
				285920D92BFC4CEE00B41131 /* BonjourConnection.swift in Sources */,
				285920D52BFC4C1E00B41131 /* HomeViewModel.swift in Sources */,
				285920C02BFC4ADC00B41131 /* NetworkDeviceApp.swift in Sources */,
				285920DD2BFCCC8A00B41131 /* Protocol.swift in Sources */,
				285920E42BFCD89F00B41131 /* DiscoveryViewModel.swift in Sources */,
			);
			runOnlyForDeploymentPostprocessing = 0;
		};
/* End PBXSourcesBuildPhase section */

/* Begin XCBuildConfiguration section */
		285920C82BFC4ADE00B41131 /* Debug */ = {
			isa = XCBuildConfiguration;
			buildSettings = {
				ALWAYS_SEARCH_USER_PATHS = NO;
				ASSETCATALOG_COMPILER_GENERATE_SWIFT_ASSET_SYMBOL_EXTENSIONS = YES;
				CLANG_ANALYZER_NONNULL = YES;
				CLANG_ANALYZER_NUMBER_OBJECT_CONVERSION = YES_AGGRESSIVE;
				CLANG_CXX_LANGUAGE_STANDARD = "gnu++20";
				CLANG_ENABLE_MODULES = YES;
				CLANG_ENABLE_OBJC_ARC = YES;
				CLANG_ENABLE_OBJC_WEAK = YES;
				CLANG_WARN_BLOCK_CAPTURE_AUTORELEASING = YES;
				CLANG_WARN_BOOL_CONVERSION = YES;
				CLANG_WARN_COMMA = YES;
				CLANG_WARN_CONSTANT_CONVERSION = YES;
				CLANG_WARN_DEPRECATED_OBJC_IMPLEMENTATIONS = YES;
				CLANG_WARN_DIRECT_OBJC_ISA_USAGE = YES_ERROR;
				CLANG_WARN_DOCUMENTATION_COMMENTS = YES;
				CLANG_WARN_EMPTY_BODY = YES;
				CLANG_WARN_ENUM_CONVERSION = YES;
				CLANG_WARN_INFINITE_RECURSION = YES;
				CLANG_WARN_INT_CONVERSION = YES;
				CLANG_WARN_NON_LITERAL_NULL_CONVERSION = YES;
				CLANG_WARN_OBJC_IMPLICIT_RETAIN_SELF = YES;
				CLANG_WARN_OBJC_LITERAL_CONVERSION = YES;
				CLANG_WARN_OBJC_ROOT_CLASS = YES_ERROR;
				CLANG_WARN_QUOTED_INCLUDE_IN_FRAMEWORK_HEADER = YES;
				CLANG_WARN_RANGE_LOOP_ANALYSIS = YES;
				CLANG_WARN_STRICT_PROTOTYPES = YES;
				CLANG_WARN_SUSPICIOUS_MOVE = YES;
				CLANG_WARN_UNGUARDED_AVAILABILITY = YES_AGGRESSIVE;
				CLANG_WARN_UNREACHABLE_CODE = YES;
				CLANG_WARN__DUPLICATE_METHOD_MATCH = YES;
				COPY_PHASE_STRIP = NO;
				DEBUG_INFORMATION_FORMAT = dwarf;
				ENABLE_STRICT_OBJC_MSGSEND = YES;
				ENABLE_TESTABILITY = YES;
				ENABLE_USER_SCRIPT_SANDBOXING = YES;
				GCC_C_LANGUAGE_STANDARD = gnu17;
				GCC_DYNAMIC_NO_PIC = NO;
				GCC_NO_COMMON_BLOCKS = YES;
				GCC_OPTIMIZATION_LEVEL = 0;
				GCC_PREPROCESSOR_DEFINITIONS = (
					"DEBUG=1",
					"$(inherited)",
				);
				GCC_WARN_64_TO_32_BIT_CONVERSION = YES;
				GCC_WARN_ABOUT_RETURN_TYPE = YES_ERROR;
				GCC_WARN_UNDECLARED_SELECTOR = YES;
				GCC_WARN_UNINITIALIZED_AUTOS = YES_AGGRESSIVE;
				GCC_WARN_UNUSED_FUNCTION = YES;
				GCC_WARN_UNUSED_VARIABLE = YES;
				IPHONEOS_DEPLOYMENT_TARGET = 17.5;
				LOCALIZATION_PREFERS_STRING_CATALOGS = YES;
				MTL_ENABLE_DEBUG_INFO = INCLUDE_SOURCE;
				MTL_FAST_MATH = YES;
				ONLY_ACTIVE_ARCH = YES;
				SDKROOT = iphoneos;
				SWIFT_ACTIVE_COMPILATION_CONDITIONS = "DEBUG $(inherited)";
				SWIFT_OPTIMIZATION_LEVEL = "-Onone";
			};
			name = Debug;
		};
		285920C92BFC4ADE00B41131 /* Release */ = {
			isa = XCBuildConfiguration;
			buildSettings = {
				ALWAYS_SEARCH_USER_PATHS = NO;
				ASSETCATALOG_COMPILER_GENERATE_SWIFT_ASSET_SYMBOL_EXTENSIONS = YES;
				CLANG_ANALYZER_NONNULL = YES;
				CLANG_ANALYZER_NUMBER_OBJECT_CONVERSION = YES_AGGRESSIVE;
				CLANG_CXX_LANGUAGE_STANDARD = "gnu++20";
				CLANG_ENABLE_MODULES = YES;
				CLANG_ENABLE_OBJC_ARC = YES;
				CLANG_ENABLE_OBJC_WEAK = YES;
				CLANG_WARN_BLOCK_CAPTURE_AUTORELEASING = YES;
				CLANG_WARN_BOOL_CONVERSION = YES;
				CLANG_WARN_COMMA = YES;
				CLANG_WARN_CONSTANT_CONVERSION = YES;
				CLANG_WARN_DEPRECATED_OBJC_IMPLEMENTATIONS = YES;
				CLANG_WARN_DIRECT_OBJC_ISA_USAGE = YES_ERROR;
				CLANG_WARN_DOCUMENTATION_COMMENTS = YES;
				CLANG_WARN_EMPTY_BODY = YES;
				CLANG_WARN_ENUM_CONVERSION = YES;
				CLANG_WARN_INFINITE_RECURSION = YES;
				CLANG_WARN_INT_CONVERSION = YES;
				CLANG_WARN_NON_LITERAL_NULL_CONVERSION = YES;
				CLANG_WARN_OBJC_IMPLICIT_RETAIN_SELF = YES;
				CLANG_WARN_OBJC_LITERAL_CONVERSION = YES;
				CLANG_WARN_OBJC_ROOT_CLASS = YES_ERROR;
				CLANG_WARN_QUOTED_INCLUDE_IN_FRAMEWORK_HEADER = YES;
				CLANG_WARN_RANGE_LOOP_ANALYSIS = YES;
				CLANG_WARN_STRICT_PROTOTYPES = YES;
				CLANG_WARN_SUSPICIOUS_MOVE = YES;
				CLANG_WARN_UNGUARDED_AVAILABILITY = YES_AGGRESSIVE;
				CLANG_WARN_UNREACHABLE_CODE = YES;
				CLANG_WARN__DUPLICATE_METHOD_MATCH = YES;
				COPY_PHASE_STRIP = NO;
				DEBUG_INFORMATION_FORMAT = "dwarf-with-dsym";
				ENABLE_NS_ASSERTIONS = NO;
				ENABLE_STRICT_OBJC_MSGSEND = YES;
				ENABLE_USER_SCRIPT_SANDBOXING = YES;
				GCC_C_LANGUAGE_STANDARD = gnu17;
				GCC_NO_COMMON_BLOCKS = YES;
				GCC_WARN_64_TO_32_BIT_CONVERSION = YES;
				GCC_WARN_ABOUT_RETURN_TYPE = YES_ERROR;
				GCC_WARN_UNDECLARED_SELECTOR = YES;
				GCC_WARN_UNINITIALIZED_AUTOS = YES_AGGRESSIVE;
				GCC_WARN_UNUSED_FUNCTION = YES;
				GCC_WARN_UNUSED_VARIABLE = YES;
				IPHONEOS_DEPLOYMENT_TARGET = 17.5;
				LOCALIZATION_PREFERS_STRING_CATALOGS = YES;
				MTL_ENABLE_DEBUG_INFO = NO;
				MTL_FAST_MATH = YES;
				SDKROOT = iphoneos;
				SWIFT_COMPILATION_MODE = wholemodule;
				VALIDATE_PRODUCT = YES;
			};
			name = Release;
		};
		285920CB2BFC4ADE00B41131 /* Debug */ = {
			isa = XCBuildConfiguration;
			buildSettings = {
				ASSETCATALOG_COMPILER_APPICON_NAME = AppIcon;
				ASSETCATALOG_COMPILER_GLOBAL_ACCENT_COLOR_NAME = AccentColor;
				CODE_SIGN_STYLE = Automatic;
				CURRENT_PROJECT_VERSION = 1;
				DEVELOPMENT_ASSET_PATHS = "\"NetworkDevice/Preview Content\"";
				DEVELOPMENT_TEAM = SVGXRR5RRA;
				ENABLE_PREVIEWS = YES;
				GENERATE_INFOPLIST_FILE = YES;
				INFOPLIST_KEY_UIApplicationSceneManifest_Generation = YES;
				INFOPLIST_KEY_UIApplicationSupportsIndirectInputEvents = YES;
				INFOPLIST_KEY_UILaunchScreen_Generation = YES;
				INFOPLIST_KEY_UISupportedInterfaceOrientations_iPad = "UIInterfaceOrientationPortrait UIInterfaceOrientationPortraitUpsideDown UIInterfaceOrientationLandscapeLeft UIInterfaceOrientationLandscapeRight";
				INFOPLIST_KEY_UISupportedInterfaceOrientations_iPhone = "UIInterfaceOrientationPortrait UIInterfaceOrientationLandscapeLeft UIInterfaceOrientationLandscapeRight";
				LD_RUNPATH_SEARCH_PATHS = (
					"$(inherited)",
					"@executable_path/Frameworks",
				);
				MARKETING_VERSION = 1.0;
				PRODUCT_BUNDLE_IDENTIFIER = com.Eduardo.NetworkDevice;
				PRODUCT_NAME = "$(TARGET_NAME)";
				SWIFT_EMIT_LOC_STRINGS = YES;
				SWIFT_VERSION = 5.0;
				TARGETED_DEVICE_FAMILY = "1,2";
			};
			name = Debug;
		};
		285920CC2BFC4ADE00B41131 /* Release */ = {
			isa = XCBuildConfiguration;
			buildSettings = {
				ASSETCATALOG_COMPILER_APPICON_NAME = AppIcon;
				ASSETCATALOG_COMPILER_GLOBAL_ACCENT_COLOR_NAME = AccentColor;
				CODE_SIGN_STYLE = Automatic;
				CURRENT_PROJECT_VERSION = 1;
				DEVELOPMENT_ASSET_PATHS = "\"NetworkDevice/Preview Content\"";
				DEVELOPMENT_TEAM = SVGXRR5RRA;
				ENABLE_PREVIEWS = YES;
				GENERATE_INFOPLIST_FILE = YES;
				INFOPLIST_KEY_UIApplicationSceneManifest_Generation = YES;
				INFOPLIST_KEY_UIApplicationSupportsIndirectInputEvents = YES;
				INFOPLIST_KEY_UILaunchScreen_Generation = YES;
				INFOPLIST_KEY_UISupportedInterfaceOrientations_iPad = "UIInterfaceOrientationPortrait UIInterfaceOrientationPortraitUpsideDown UIInterfaceOrientationLandscapeLeft UIInterfaceOrientationLandscapeRight";
				INFOPLIST_KEY_UISupportedInterfaceOrientations_iPhone = "UIInterfaceOrientationPortrait UIInterfaceOrientationLandscapeLeft UIInterfaceOrientationLandscapeRight";
				LD_RUNPATH_SEARCH_PATHS = (
					"$(inherited)",
					"@executable_path/Frameworks",
				);
				MARKETING_VERSION = 1.0;
				PRODUCT_BUNDLE_IDENTIFIER = com.Eduardo.NetworkDevice;
				PRODUCT_NAME = "$(TARGET_NAME)";
				SWIFT_EMIT_LOC_STRINGS = YES;
				SWIFT_VERSION = 5.0;
				TARGETED_DEVICE_FAMILY = "1,2";
			};
			name = Release;
		};
/* End XCBuildConfiguration section */

/* Begin XCConfigurationList section */
		285920B72BFC4ADC00B41131 /* Build configuration list for PBXProject "NetworkDevice" */ = {
			isa = XCConfigurationList;
			buildConfigurations = (
				285920C82BFC4ADE00B41131 /* Debug */,
				285920C92BFC4ADE00B41131 /* Release */,
			);
			defaultConfigurationIsVisible = 0;
			defaultConfigurationName = Release;
		};
		285920CA2BFC4ADE00B41131 /* Build configuration list for PBXNativeTarget "NetworkDevice" */ = {
			isa = XCConfigurationList;
			buildConfigurations = (
				285920CB2BFC4ADE00B41131 /* Debug */,
				285920CC2BFC4ADE00B41131 /* Release */,
			);
			defaultConfigurationIsVisible = 0;
			defaultConfigurationName = Release;
		};
/* End XCConfigurationList section */
	};
	rootObject = 285920B42BFC4ADC00B41131 /* Project object */;
}
